// !$*UTF8*$!
{
	archiveVersion = 1;
	classes = {
	};
	objectVersion = 51;
	objects = {

/* Begin PBXBuildFile section */
		AD4E99EC23F56B7800FBAFB3 /* StorageManager.swift in Sources */ = {isa = PBXBuildFile; fileRef = AD4E99EB23F56B7800FBAFB3 /* StorageManager.swift */; };
		AD7D63B023EF3A120058618F /* AppDelegate.swift in Sources */ = {isa = PBXBuildFile; fileRef = AD7D63AF23EF3A120058618F /* AppDelegate.swift */; };
		AD7D63B223EF3A120058618F /* SceneDelegate.swift in Sources */ = {isa = PBXBuildFile; fileRef = AD7D63B123EF3A120058618F /* SceneDelegate.swift */; };
		AD7D63B723EF3A120058618F /* Main.storyboard in Resources */ = {isa = PBXBuildFile; fileRef = AD7D63B523EF3A120058618F /* Main.storyboard */; };
		AD7D63B923EF3A160058618F /* Assets.xcassets in Resources */ = {isa = PBXBuildFile; fileRef = AD7D63B823EF3A160058618F /* Assets.xcassets */; };
		AD7D63BC23EF3A160058618F /* LaunchScreen.storyboard in Resources */ = {isa = PBXBuildFile; fileRef = AD7D63BA23EF3A160058618F /* LaunchScreen.storyboard */; };
		AD7D63C423EF3D8B0058618F /* MainViewController.swift in Sources */ = {isa = PBXBuildFile; fileRef = AD7D63C323EF3D8B0058618F /* MainViewController.swift */; };
		ADBD3B1223F058FA002E9618 /* CustomTableViewCell.swift in Sources */ = {isa = PBXBuildFile; fileRef = ADBD3B1123F058FA002E9618 /* CustomTableViewCell.swift */; };
		ADBD3B1423F16CF8002E9618 /* placeModal.swift in Sources */ = {isa = PBXBuildFile; fileRef = ADBD3B1323F16CF8002E9618 /* placeModal.swift */; };
		ADBD3B1623F1788C002E9618 /* NewPlaceViewController.swift in Sources */ = {isa = PBXBuildFile; fileRef = ADBD3B1523F1788C002E9618 /* NewPlaceViewController.swift */; };
		ADCBCC5D240830340093F1E9 /* RatingControl.swift in Sources */ = {isa = PBXBuildFile; fileRef = ADCBCC5C240830340093F1E9 /* RatingControl.swift */; };
		BCB40720D6F9E51AC0AF713D /* Pods_MyPlaces.framework in Frameworks */ = {isa = PBXBuildFile; fileRef = EC9E7D7EF75AD88E96503943 /* Pods_MyPlaces.framework */; };
/* End PBXBuildFile section */

/* Begin PBXFileReference section */
		7E91DDCF5561EB3C631B8966 /* Pods-MyPlaces.release.xcconfig */ = {isa = PBXFileReference; includeInIndex = 1; lastKnownFileType = text.xcconfig; name = "Pods-MyPlaces.release.xcconfig"; path = "Target Support Files/Pods-MyPlaces/Pods-MyPlaces.release.xcconfig"; sourceTree = "<group>"; };
		AD4E99EB23F56B7800FBAFB3 /* StorageManager.swift */ = {isa = PBXFileReference; lastKnownFileType = sourcecode.swift; path = StorageManager.swift; sourceTree = "<group>"; };
		AD7D63AC23EF3A120058618F /* MyPlaces.app */ = {isa = PBXFileReference; explicitFileType = wrapper.application; includeInIndex = 0; path = MyPlaces.app; sourceTree = BUILT_PRODUCTS_DIR; };
		AD7D63AF23EF3A120058618F /* AppDelegate.swift */ = {isa = PBXFileReference; lastKnownFileType = sourcecode.swift; path = AppDelegate.swift; sourceTree = "<group>"; };
		AD7D63B123EF3A120058618F /* SceneDelegate.swift */ = {isa = PBXFileReference; lastKnownFileType = sourcecode.swift; path = SceneDelegate.swift; sourceTree = "<group>"; };
		AD7D63B623EF3A120058618F /* Base */ = {isa = PBXFileReference; lastKnownFileType = file.storyboard; name = Base; path = Base.lproj/Main.storyboard; sourceTree = "<group>"; };
		AD7D63B823EF3A160058618F /* Assets.xcassets */ = {isa = PBXFileReference; lastKnownFileType = folder.assetcatalog; path = Assets.xcassets; sourceTree = "<group>"; };
		AD7D63BB23EF3A160058618F /* Base */ = {isa = PBXFileReference; lastKnownFileType = file.storyboard; name = Base; path = Base.lproj/LaunchScreen.storyboard; sourceTree = "<group>"; };
		AD7D63BD23EF3A160058618F /* Info.plist */ = {isa = PBXFileReference; lastKnownFileType = text.plist.xml; path = Info.plist; sourceTree = "<group>"; };
		AD7D63C323EF3D8B0058618F /* MainViewController.swift */ = {isa = PBXFileReference; lastKnownFileType = sourcecode.swift; path = MainViewController.swift; sourceTree = "<group>"; };
		ADBD3B1123F058FA002E9618 /* CustomTableViewCell.swift */ = {isa = PBXFileReference; lastKnownFileType = sourcecode.swift; path = CustomTableViewCell.swift; sourceTree = "<group>"; };
		ADBD3B1323F16CF8002E9618 /* placeModal.swift */ = {isa = PBXFileReference; lastKnownFileType = sourcecode.swift; path = placeModal.swift; sourceTree = "<group>"; };
		ADBD3B1523F1788C002E9618 /* NewPlaceViewController.swift */ = {isa = PBXFileReference; lastKnownFileType = sourcecode.swift; path = NewPlaceViewController.swift; sourceTree = "<group>"; };
		ADCBCC5C240830340093F1E9 /* RatingControl.swift */ = {isa = PBXFileReference; lastKnownFileType = sourcecode.swift; path = RatingControl.swift; sourceTree = "<group>"; };
		E5E7D5B27D4D0083F923A78C /* Pods-MyPlaces.debug.xcconfig */ = {isa = PBXFileReference; includeInIndex = 1; lastKnownFileType = text.xcconfig; name = "Pods-MyPlaces.debug.xcconfig"; path = "Target Support Files/Pods-MyPlaces/Pods-MyPlaces.debug.xcconfig"; sourceTree = "<group>"; };
		EC9E7D7EF75AD88E96503943 /* Pods_MyPlaces.framework */ = {isa = PBXFileReference; explicitFileType = wrapper.framework; includeInIndex = 0; path = Pods_MyPlaces.framework; sourceTree = BUILT_PRODUCTS_DIR; };
/* End PBXFileReference section */

/* Begin PBXFrameworksBuildPhase section */
		AD7D63A923EF3A120058618F /* Frameworks */ = {
			isa = PBXFrameworksBuildPhase;
			buildActionMask = 2147483647;
			files = (
				BCB40720D6F9E51AC0AF713D /* Pods_MyPlaces.framework in Frameworks */,
			);
			runOnlyForDeploymentPostprocessing = 0;
		};
/* End PBXFrameworksBuildPhase section */

/* Begin PBXGroup section */
		4939601B083BA8C3D8B7A5F4 /* Pods */ = {
			isa = PBXGroup;
			children = (
				E5E7D5B27D4D0083F923A78C /* Pods-MyPlaces.debug.xcconfig */,
				7E91DDCF5561EB3C631B8966 /* Pods-MyPlaces.release.xcconfig */,
			);
			path = Pods;
			sourceTree = "<group>";
		};
		AD7D63A323EF3A120058618F = {
			isa = PBXGroup;
			children = (
				AD7D63AE23EF3A120058618F /* MyPlaces */,
				AD7D63AD23EF3A120058618F /* Products */,
				4939601B083BA8C3D8B7A5F4 /* Pods */,
				CB34DB71283E5726D329215E /* Frameworks */,
			);
			sourceTree = "<group>";
		};
		AD7D63AD23EF3A120058618F /* Products */ = {
			isa = PBXGroup;
			children = (
				AD7D63AC23EF3A120058618F /* MyPlaces.app */,
			);
			name = Products;
			sourceTree = "<group>";
		};
		AD7D63AE23EF3A120058618F /* MyPlaces */ = {
			isa = PBXGroup;
			children = (
				AD7D63AF23EF3A120058618F /* AppDelegate.swift */,
				AD7D63C323EF3D8B0058618F /* MainViewController.swift */,
				AD7D63B123EF3A120058618F /* SceneDelegate.swift */,
				AD7D63B523EF3A120058618F /* Main.storyboard */,
				ADCBCC5C240830340093F1E9 /* RatingControl.swift */,
				ADBD3B1523F1788C002E9618 /* NewPlaceViewController.swift */,
				ADBD3B1123F058FA002E9618 /* CustomTableViewCell.swift */,
				ADBD3B1323F16CF8002E9618 /* placeModal.swift */,
				AD4E99EB23F56B7800FBAFB3 /* StorageManager.swift */,
				AD7D63B823EF3A160058618F /* Assets.xcassets */,
				AD7D63BA23EF3A160058618F /* LaunchScreen.storyboard */,
				AD7D63BD23EF3A160058618F /* Info.plist */,
			);
			path = MyPlaces;
			sourceTree = "<group>";
		};
		CB34DB71283E5726D329215E /* Frameworks */ = {
			isa = PBXGroup;
			children = (
				EC9E7D7EF75AD88E96503943 /* Pods_MyPlaces.framework */,
			);
			name = Frameworks;
			sourceTree = "<group>";
		};
/* End PBXGroup section */

/* Begin PBXNativeTarget section */
		AD7D63AB23EF3A120058618F /* MyPlaces */ = {
			isa = PBXNativeTarget;
			buildConfigurationList = AD7D63C023EF3A160058618F /* Build configuration list for PBXNativeTarget "MyPlaces" */;
			buildPhases = (
				2732734967FB0C5ED58D4646 /* [CP] Check Pods Manifest.lock */,
				AD7D63A823EF3A120058618F /* Sources */,
				AD7D63A923EF3A120058618F /* Frameworks */,
				AD7D63AA23EF3A120058618F /* Resources */,
				B77AD9F903DE5A0F4402BB3D /* [CP] Embed Pods Frameworks */,
			);
			buildRules = (
			);
			dependencies = (
			);
			name = MyPlaces;
			productName = MyPlaces;
			productReference = AD7D63AC23EF3A120058618F /* MyPlaces.app */;
			productType = "com.apple.product-type.application";
		};
/* End PBXNativeTarget section */

/* Begin PBXProject section */
		AD7D63A423EF3A120058618F /* Project object */ = {
			isa = PBXProject;
			attributes = {
				LastSwiftUpdateCheck = 1130;
				LastUpgradeCheck = 1130;
				ORGANIZATIONNAME = "Zakirov Takhir";
				TargetAttributes = {
					AD7D63AB23EF3A120058618F = {
						CreatedOnToolsVersion = 11.3;
					};
				};
			};
			buildConfigurationList = AD7D63A723EF3A120058618F /* Build configuration list for PBXProject "MyPlaces" */;
			compatibilityVersion = "Xcode 9.3";
			developmentRegion = en;
			hasScannedForEncodings = 0;
			knownRegions = (
				en,
				Base,
			);
			mainGroup = AD7D63A323EF3A120058618F;
			productRefGroup = AD7D63AD23EF3A120058618F /* Products */;
			projectDirPath = "";
			projectRoot = "";
			targets = (
				AD7D63AB23EF3A120058618F /* MyPlaces */,
			);
		};
/* End PBXProject section */

/* Begin PBXResourcesBuildPhase section */
		AD7D63AA23EF3A120058618F /* Resources */ = {
			isa = PBXResourcesBuildPhase;
			buildActionMask = 2147483647;
			files = (
				AD7D63BC23EF3A160058618F /* LaunchScreen.storyboard in Resources */,
				AD7D63B923EF3A160058618F /* Assets.xcassets in Resources */,
				AD7D63B723EF3A120058618F /* Main.storyboard in Resources */,
			);
			runOnlyForDeploymentPostprocessing = 0;
		};
/* End PBXResourcesBuildPhase section */

/* Begin PBXShellScriptBuildPhase section */
		2732734967FB0C5ED58D4646 /* [CP] Check Pods Manifest.lock */ = {
			isa = PBXShellScriptBuildPhase;
			buildActionMask = 2147483647;
			files = (
			);
			inputFileListPaths = (
			);
			inputPaths = (
				"${PODS_PODFILE_DIR_PATH}/Podfile.lock",
				"${PODS_ROOT}/Manifest.lock",
			);
			name = "[CP] Check Pods Manifest.lock";
			outputFileListPaths = (
			);
			outputPaths = (
				"$(DERIVED_FILE_DIR)/Pods-MyPlaces-checkManifestLockResult.txt",
			);
			runOnlyForDeploymentPostprocessing = 0;
			shellPath = /bin/sh;
			shellScript = "diff \"${PODS_PODFILE_DIR_PATH}/Podfile.lock\" \"${PODS_ROOT}/Manifest.lock\" > /dev/null\nif [ $? != 0 ] ; then\n    # print error to STDERR\n    echo \"error: The sandbox is not in sync with the Podfile.lock. Run 'pod install' or update your CocoaPods installation.\" >&2\n    exit 1\nfi\n# This output is used by Xcode 'outputs' to avoid re-running this script phase.\necho \"SUCCESS\" > \"${SCRIPT_OUTPUT_FILE_0}\"\n";
			showEnvVarsInLog = 0;
		};
		B77AD9F903DE5A0F4402BB3D /* [CP] Embed Pods Frameworks */ = {
			isa = PBXShellScriptBuildPhase;
			buildActionMask = 2147483647;
			files = (
			);
			inputFileListPaths = (
				"${PODS_ROOT}/Target Support Files/Pods-MyPlaces/Pods-MyPlaces-frameworks-${CONFIGURATION}-input-files.xcfilelist",
			);
			name = "[CP] Embed Pods Frameworks";
			outputFileListPaths = (
				"${PODS_ROOT}/Target Support Files/Pods-MyPlaces/Pods-MyPlaces-frameworks-${CONFIGURATION}-output-files.xcfilelist",
			);
			runOnlyForDeploymentPostprocessing = 0;
			shellPath = /bin/sh;
			shellScript = "\"${PODS_ROOT}/Target Support Files/Pods-MyPlaces/Pods-MyPlaces-frameworks.sh\"\n";
			showEnvVarsInLog = 0;
		};
/* End PBXShellScriptBuildPhase section */

/* Begin PBXSourcesBuildPhase section */
		AD7D63A823EF3A120058618F /* Sources */ = {
			isa = PBXSourcesBuildPhase;
			buildActionMask = 2147483647;
			files = (
				AD7D63C423EF3D8B0058618F /* MainViewController.swift in Sources */,
				ADBD3B1623F1788C002E9618 /* NewPlaceViewController.swift in Sources */,
				AD7D63B023EF3A120058618F /* AppDelegate.swift in Sources */,
				AD4E99EC23F56B7800FBAFB3 /* StorageManager.swift in Sources */,
				ADCBCC5D240830340093F1E9 /* RatingControl.swift in Sources */,
				ADBD3B1223F058FA002E9618 /* CustomTableViewCell.swift in Sources */,
				AD7D63B223EF3A120058618F /* SceneDelegate.swift in Sources */,
				ADBD3B1423F16CF8002E9618 /* placeModal.swift in Sources */,
			);
			runOnlyForDeploymentPostprocessing = 0;
		};
/* End PBXSourcesBuildPhase section */

/* Begin PBXVariantGroup section */
		AD7D63B523EF3A120058618F /* Main.storyboard */ = {
			isa = PBXVariantGroup;
			children = (
				AD7D63B623EF3A120058618F /* Base */,
			);
			name = Main.storyboard;
			sourceTree = "<group>";
		};
		AD7D63BA23EF3A160058618F /* LaunchScreen.storyboard */ = {
			isa = PBXVariantGroup;
			children = (
				AD7D63BB23EF3A160058618F /* Base */,
			);
			name = LaunchScreen.storyboard;
			sourceTree = "<group>";
		};
/* End PBXVariantGroup section */

/* Begin XCBuildConfiguration section */
		AD7D63BE23EF3A160058618F /* Debug */ = {
			isa = XCBuildConfiguration;
			buildSettings = {
				ALWAYS_SEARCH_USER_PATHS = NO;
				CLANG_ANALYZER_NONNULL = YES;
				CLANG_ANALYZER_NUMBER_OBJECT_CONVERSION = YES_AGGRESSIVE;
				CLANG_CXX_LANGUAGE_STANDARD = "gnu++14";
				CLANG_CXX_LIBRARY = "libc++";
				CLANG_ENABLE_MODULES = YES;
				CLANG_ENABLE_OBJC_ARC = YES;
				CLANG_ENABLE_OBJC_WEAK = YES;
				CLANG_WARN_BLOCK_CAPTURE_AUTORELEASING = YES;
				CLANG_WARN_BOOL_CONVERSION = YES;
				CLANG_WARN_COMMA = YES;
				CLANG_WARN_CONSTANT_CONVERSION = YES;
				CLANG_WARN_DEPRECATED_OBJC_IMPLEMENTATIONS = YES;
				CLANG_WARN_DIRECT_OBJC_ISA_USAGE = YES_ERROR;
				CLANG_WARN_DOCUMENTATION_COMMENTS = YES;
				CLANG_WARN_EMPTY_BODY = YES;
				CLANG_WARN_ENUM_CONVERSION = YES;
				CLANG_WARN_INFINITE_RECURSION = YES;
				CLANG_WARN_INT_CONVERSION = YES;
				CLANG_WARN_NON_LITERAL_NULL_CONVERSION = YES;
				CLANG_WARN_OBJC_IMPLICIT_RETAIN_SELF = YES;
				CLANG_WARN_OBJC_LITERAL_CONVERSION = YES;
				CLANG_WARN_OBJC_ROOT_CLASS = YES_ERROR;
				CLANG_WARN_RANGE_LOOP_ANALYSIS = YES;
				CLANG_WARN_STRICT_PROTOTYPES = YES;
				CLANG_WARN_SUSPICIOUS_MOVE = YES;
				CLANG_WARN_UNGUARDED_AVAILABILITY = YES_AGGRESSIVE;
				CLANG_WARN_UNREACHABLE_CODE = YES;
				CLANG_WARN__DUPLICATE_METHOD_MATCH = YES;
				COPY_PHASE_STRIP = NO;
				DEBUG_INFORMATION_FORMAT = dwarf;
				ENABLE_STRICT_OBJC_MSGSEND = YES;
				ENABLE_TESTABILITY = YES;
				GCC_C_LANGUAGE_STANDARD = gnu11;
				GCC_DYNAMIC_NO_PIC = NO;
				GCC_NO_COMMON_BLOCKS = YES;
				GCC_OPTIMIZATION_LEVEL = 0;
				GCC_PREPROCESSOR_DEFINITIONS = (
					"DEBUG=1",
					"$(inherited)",
				);
				GCC_WARN_64_TO_32_BIT_CONVERSION = YES;
				GCC_WARN_ABOUT_RETURN_TYPE = YES_ERROR;
				GCC_WARN_UNDECLARED_SELECTOR = YES;
				GCC_WARN_UNINITIALIZED_AUTOS = YES_AGGRESSIVE;
				GCC_WARN_UNUSED_FUNCTION = YES;
				GCC_WARN_UNUSED_VARIABLE = YES;
				IPHONEOS_DEPLOYMENT_TARGET = 13.2;
				MTL_ENABLE_DEBUG_INFO = INCLUDE_SOURCE;
				MTL_FAST_MATH = YES;
				ONLY_ACTIVE_ARCH = YES;
				SDKROOT = iphoneos;
				SWIFT_ACTIVE_COMPILATION_CONDITIONS = DEBUG;
				SWIFT_OPTIMIZATION_LEVEL = "-Onone";
			};
			name = Debug;
		};
		AD7D63BF23EF3A160058618F /* Release */ = {
			isa = XCBuildConfiguration;
			buildSettings = {
				ALWAYS_SEARCH_USER_PATHS = NO;
				CLANG_ANALYZER_NONNULL = YES;
				CLANG_ANALYZER_NUMBER_OBJECT_CONVERSION = YES_AGGRESSIVE;
				CLANG_CXX_LANGUAGE_STANDARD = "gnu++14";
				CLANG_CXX_LIBRARY = "libc++";
				CLANG_ENABLE_MODULES = YES;
				CLANG_ENABLE_OBJC_ARC = YES;
				CLANG_ENABLE_OBJC_WEAK = YES;
				CLANG_WARN_BLOCK_CAPTURE_AUTORELEASING = YES;
				CLANG_WARN_BOOL_CONVERSION = YES;
				CLANG_WARN_COMMA = YES;
				CLANG_WARN_CONSTANT_CONVERSION = YES;
				CLANG_WARN_DEPRECATED_OBJC_IMPLEMENTATIONS = YES;
				CLANG_WARN_DIRECT_OBJC_ISA_USAGE = YES_ERROR;
				CLANG_WARN_DOCUMENTATION_COMMENTS = YES;
				CLANG_WARN_EMPTY_BODY = YES;
				CLANG_WARN_ENUM_CONVERSION = YES;
				CLANG_WARN_INFINITE_RECURSION = YES;
				CLANG_WARN_INT_CONVERSION = YES;
				CLANG_WARN_NON_LITERAL_NULL_CONVERSION = YES;
				CLANG_WARN_OBJC_IMPLICIT_RETAIN_SELF = YES;
				CLANG_WARN_OBJC_LITERAL_CONVERSION = YES;
				CLANG_WARN_OBJC_ROOT_CLASS = YES_ERROR;
				CLANG_WARN_RANGE_LOOP_ANALYSIS = YES;
				CLANG_WARN_STRICT_PROTOTYPES = YES;
				CLANG_WARN_SUSPICIOUS_MOVE = YES;
				CLANG_WARN_UNGUARDED_AVAILABILITY = YES_AGGRESSIVE;
				CLANG_WARN_UNREACHABLE_CODE = YES;
				CLANG_WARN__DUPLICATE_METHOD_MATCH = YES;
				COPY_PHASE_STRIP = NO;
				DEBUG_INFORMATION_FORMAT = "dwarf-with-dsym";
				ENABLE_NS_ASSERTIONS = NO;
				ENABLE_STRICT_OBJC_MSGSEND = YES;
				GCC_C_LANGUAGE_STANDARD = gnu11;
				GCC_NO_COMMON_BLOCKS = YES;
				GCC_WARN_64_TO_32_BIT_CONVERSION = YES;
				GCC_WARN_ABOUT_RETURN_TYPE = YES_ERROR;
				GCC_WARN_UNDECLARED_SELECTOR = YES;
				GCC_WARN_UNINITIALIZED_AUTOS = YES_AGGRESSIVE;
				GCC_WARN_UNUSED_FUNCTION = YES;
				GCC_WARN_UNUSED_VARIABLE = YES;
				IPHONEOS_DEPLOYMENT_TARGET = 13.2;
				MTL_ENABLE_DEBUG_INFO = NO;
				MTL_FAST_MATH = YES;
				SDKROOT = iphoneos;
				SWIFT_COMPILATION_MODE = wholemodule;
				SWIFT_OPTIMIZATION_LEVEL = "-O";
				VALIDATE_PRODUCT = YES;
			};
			name = Release;
		};
		AD7D63C123EF3A160058618F /* Debug */ = {
			isa = XCBuildConfiguration;
			baseConfigurationReference = E5E7D5B27D4D0083F923A78C /* Pods-MyPlaces.debug.xcconfig */;
			buildSettings = {
				ASSETCATALOG_COMPILER_APPICON_NAME = AppIcon;
				CODE_SIGN_STYLE = Automatic;
				DEVELOPMENT_TEAM = J4B53B6TAD;
				INFOPLIST_FILE = MyPlaces/Info.plist;
				LD_RUNPATH_SEARCH_PATHS = (
					"$(inherited)",
					"@executable_path/Frameworks",
				);
				PRODUCT_BUNDLE_IDENTIFIER = ru.zakirovweb.MyPlaces;
				PRODUCT_NAME = "$(TARGET_NAME)";
				SWIFT_VERSION = 5.0;
				TARGETED_DEVICE_FAMILY = "1,2";
			};
			name = Debug;
		};
		AD7D63C223EF3A160058618F /* Release */ = {
			isa = XCBuildConfiguration;
			baseConfigurationReference = 7E91DDCF5561EB3C631B8966 /* Pods-MyPlaces.release.xcconfig */;
			buildSettings = {
				ASSETCATALOG_COMPILER_APPICON_NAME = AppIcon;
				CODE_SIGN_STYLE = Automatic;
				DEVELOPMENT_TEAM = J4B53B6TAD;
				INFOPLIST_FILE = MyPlaces/Info.plist;
				LD_RUNPATH_SEARCH_PATHS = (
					"$(inherited)",
					"@executable_path/Frameworks",
				);
				PRODUCT_BUNDLE_IDENTIFIER = ru.zakirovweb.MyPlaces;
				PRODUCT_NAME = "$(TARGET_NAME)";
				SWIFT_VERSION = 5.0;
				TARGETED_DEVICE_FAMILY = "1,2";
			};
			name = Release;
		};
/* End XCBuildConfiguration section */

/* Begin XCConfigurationList section */
		AD7D63A723EF3A120058618F /* Build configuration list for PBXProject "MyPlaces" */ = {
			isa = XCConfigurationList;
			buildConfigurations = (
				AD7D63BE23EF3A160058618F /* Debug */,
				AD7D63BF23EF3A160058618F /* Release */,
			);
			defaultConfigurationIsVisible = 0;
			defaultConfigurationName = Release;
		};
		AD7D63C023EF3A160058618F /* Build configuration list for PBXNativeTarget "MyPlaces" */ = {
			isa = XCConfigurationList;
			buildConfigurations = (
				AD7D63C123EF3A160058618F /* Debug */,
				AD7D63C223EF3A160058618F /* Release */,
			);
			defaultConfigurationIsVisible = 0;
			defaultConfigurationName = Release;
		};
/* End XCConfigurationList section */
	};
	rootObject = AD7D63A423EF3A120058618F /* Project object */;
}
